
Microsoft Visual Studio Solution File, Format Version 12.00
# Visual Studio Version 17
VisualStudioVersion = 17.2.32317.152
MinimumVisualStudioVersion = 10.0.40219.1
Project("{FAE04EC0-301F-11D3-BF4B-00C04F79EFBC}") = "Sektor.RazorPagination", "src\Sektor.RazorPagination\Sektor.RazorPagination.csproj", "{AFC730DD-4556-47B7-9DE6-EF009CF16134}"
EndProject
Global
	GlobalSection(SolutionConfigurationPlatforms) = preSolution
		Debug|Any CPU = Debug|Any CPU
		Release|Any CPU = Release|Any CPU
	EndGlobalSection
	GlobalSection(ProjectConfigurationPlatforms) = postSolution
		{AFC730DD-4556-47B7-9DE6-EF009CF16134}.Debug|Any CPU.ActiveCfg = Debug|Any CPU
		{AFC730DD-4556-47B7-9DE6-EF009CF16134}.Debug|Any CPU.Build.0 = Debug|Any CPU
		{AFC730DD-4556-47B7-9DE6-EF009CF16134}.Release|Any CPU.ActiveCfg = Release|Any CPU
		{AFC730DD-4556-47B7-9DE6-EF009CF16134}.Release|Any CPU.Build.0 = Release|Any CPU
	EndGlobalSection
	GlobalSection(SolutionProperties) = preSolution
		HideSolutionNode = FALSE
	EndGlobalSection
	GlobalSection(NestedProjects) = preSolution
		{AFC730DD-4556-47B7-9DE6-EF009CF16134} = {2DEC32C1-E660-4783-A9E9-31A008D3444D}
	EndGlobalSection
	GlobalSection(ExtensibilityGlobals) = postSolution
		SolutionGuid = {82D0117B-EDDD-4A0C-912A-3440EE8A1A9E}
	EndGlobalSection
EndGlobal
